
Microsoft Visual Studio Solution File, Format Version 12.00
# Visual Studio 15
VisualStudioVersion = 15.0.28307.168
MinimumVisualStudioVersion = 10.0.40219.1
Project("{FAE04EC0-301F-11D3-BF4B-00C04F79EFBC}") = "generic_solution", "generic_solution\generic_solution.csproj", "{B8425D1B-2B19-4567-9F8A-8BAF90D607E0}"
EndProject
Global
	GlobalSection(SolutionConfigurationPlatforms) = preSolution
		Debug|Any CPU = Debug|Any CPU
		Release|Any CPU = Release|Any CPU
	EndGlobalSection
	GlobalSection(ProjectConfigurationPlatforms) = postSolution
		{B8425D1B-2B19-4567-9F8A-8BAF90D607E0}.Debug|Any CPU.ActiveCfg = Debug|Any CPU
		{B8425D1B-2B19-4567-9F8A-8BAF90D607E0}.Debug|Any CPU.Build.0 = Debug|Any CPU
		{B8425D1B-2B19-4567-9F8A-8BAF90D607E0}.Release|Any CPU.ActiveCfg = Release|Any CPU
		{B8425D1B-2B19-4567-9F8A-8BAF90D607E0}.Release|Any CPU.Build.0 = Release|Any CPU
	EndGlobalSection
	GlobalSection(SolutionProperties) = preSolution
		HideSolutionNode = FALSE
	EndGlobalSection
	GlobalSection(ExtensibilityGlobals) = postSolution
		SolutionGuid = {F225054D-F067-4FEA-978B-AA2BAA9390AD}
	EndGlobalSection
EndGlobal
